# This file is automatically @generated by Cargo.
# It is not intended for manual editing.
version = 4

[[package]]
name = "leyline-catalog"
version = "0.1.0"
dependencies = [
 "leyline-core",
]

[[package]]
name = "leyline-cli"
version = "0.1.0"
dependencies = [
 "leyline-sdk",
]

[[package]]
name = "leyline-color"
version = "0.1.0"
dependencies = [
 "leyline-core",
]

[[package]]
name = "leyline-core"
version = "0.1.0"

[[package]]
name = "leyline-engine"
version = "0.1.0"
dependencies = [
 "leyline-catalog",
 "leyline-color",
 "leyline-core",
 "leyline-export",
 "leyline-lens",
 "leyline-preview",
 "leyline-raw",
]

[[package]]
name = "leyline-export"
version = "0.1.0"
dependencies = [
 "leyline-core",
]

[[package]]
name = "leyline-lens"
version = "0.1.0"
dependencies = [
 "leyline-core",
]

[[package]]
name = "leyline-preview"
version = "0.1.0"
dependencies = [
 "leyline-core",
]

[[package]]
name = "leyline-raw"
version = "0.1.0"
dependencies = [
 "leyline-core",
]

[[package]]
name = "leyline-sdk"
version = "0.1.0"
dependencies = [
 "leyline-core",
 "leyline-engine",
]

[[package]]
name = "leyline-studio"
version = "0.1.0"
dependencies = [
 "leyline-sdk",
]
